
Microsoft Visual Studio Solution File, Format Version 12.00
# Visual Studio Version 17
VisualStudioVersion = 17.6.33723.286
MinimumVisualStudioVersion = 10.0.40219.1
Project("{FAE04EC0-301F-11D3-BF4B-00C04F79EFBC}") = "Selection Exercise", "Selection Exercise\Selection Exercise.csproj", "{491044C4-8D2E-4AB6-AB3A-661DAA9B695E}"
EndProject
Global
	GlobalSection(SolutionConfigurationPlatforms) = preSolution
		Debug|Any CPU = Debug|Any CPU
		Release|Any CPU = Release|Any CPU
	EndGlobalSection
	GlobalSection(ProjectConfigurationPlatforms) = postSolution
		{491044C4-8D2E-4AB6-AB3A-661DAA9B695E}.Debug|Any CPU.ActiveCfg = Debug|Any CPU
		{491044C4-8D2E-4AB6-AB3A-661DAA9B695E}.Debug|Any CPU.Build.0 = Debug|Any CPU
		{491044C4-8D2E-4AB6-AB3A-661DAA9B695E}.Release|Any CPU.ActiveCfg = Release|Any CPU
		{491044C4-8D2E-4AB6-AB3A-661DAA9B695E}.Release|Any CPU.Build.0 = Release|Any CPU
	EndGlobalSection
	GlobalSection(SolutionProperties) = preSolution
		HideSolutionNode = FALSE
	EndGlobalSection
	GlobalSection(ExtensibilityGlobals) = postSolution
		SolutionGuid = {6166DFF4-DC07-483E-9C18-0CE99B124C7C}
	EndGlobalSection
EndGlobal
